// !$*UTF8*$!
{
	archiveVersion = 1;
	classes = {
	};
	objectVersion = 55;
	objects = {

/* Begin PBXBuildFile section */
		8B606A7E289AEA4A00B00B5B /* ViewController4.swift in Sources */ = {isa = PBXBuildFile; fileRef = 8B606A7D289AEA4A00B00B5B /* ViewController4.swift */; };
		BDF623362899A14B00482B6B /* AppDelegate.swift in Sources */ = {isa = PBXBuildFile; fileRef = BDF623352899A14B00482B6B /* AppDelegate.swift */; };
		BDF623382899A14B00482B6B /* SceneDelegate.swift in Sources */ = {isa = PBXBuildFile; fileRef = BDF623372899A14B00482B6B /* SceneDelegate.swift */; };
		BDF6233A2899A14B00482B6B /* ViewController.swift in Sources */ = {isa = PBXBuildFile; fileRef = BDF623392899A14B00482B6B /* ViewController.swift */; };
		BDF6233D2899A14B00482B6B /* Main.storyboard in Resources */ = {isa = PBXBuildFile; fileRef = BDF6233B2899A14B00482B6B /* Main.storyboard */; };
		BDF623402899A14B00482B6B /* Final_Project.xcdatamodeld in Sources */ = {isa = PBXBuildFile; fileRef = BDF6233E2899A14B00482B6B /* Final_Project.xcdatamodeld */; };
		BDF623422899A14C00482B6B /* Assets.xcassets in Resources */ = {isa = PBXBuildFile; fileRef = BDF623412899A14C00482B6B /* Assets.xcassets */; };
		BDF623452899A14C00482B6B /* LaunchScreen.storyboard in Resources */ = {isa = PBXBuildFile; fileRef = BDF623432899A14C00482B6B /* LaunchScreen.storyboard */; };
		BDF623502899A14D00482B6B /* Final_ProjectTests.swift in Sources */ = {isa = PBXBuildFile; fileRef = BDF6234F2899A14D00482B6B /* Final_ProjectTests.swift */; };
		BDF6235A2899A14D00482B6B /* Final_ProjectUITests.swift in Sources */ = {isa = PBXBuildFile; fileRef = BDF623592899A14D00482B6B /* Final_ProjectUITests.swift */; };
		BDF6235C2899A14D00482B6B /* Final_ProjectUITestsLaunchTests.swift in Sources */ = {isa = PBXBuildFile; fileRef = BDF6235B2899A14D00482B6B /* Final_ProjectUITestsLaunchTests.swift */; };
		BDF62369289ACA5700482B6B /* ViewControllerTwo.swift in Sources */ = {isa = PBXBuildFile; fileRef = BDF62368289ACA5700482B6B /* ViewControllerTwo.swift */; };
		BDF6236B289ACA6A00482B6B /* ViewControllerThree.swift in Sources */ = {isa = PBXBuildFile; fileRef = BDF6236A289ACA6A00482B6B /* ViewControllerThree.swift */; };
/* End PBXBuildFile section */

/* Begin PBXContainerItemProxy section */
		BDF6234C2899A14D00482B6B /* PBXContainerItemProxy */ = {
			isa = PBXContainerItemProxy;
			containerPortal = BDF6232A2899A14B00482B6B /* Project object */;
			proxyType = 1;
			remoteGlobalIDString = BDF623312899A14B00482B6B;
			remoteInfo = "Final Project";
		};
		BDF623562899A14D00482B6B /* PBXContainerItemProxy */ = {
			isa = PBXContainerItemProxy;
			containerPortal = BDF6232A2899A14B00482B6B /* Project object */;
			proxyType = 1;
			remoteGlobalIDString = BDF623312899A14B00482B6B;
			remoteInfo = "Final Project";
		};
/* End PBXContainerItemProxy section */

/* Begin PBXFileReference section */
		8B606A7D289AEA4A00B00B5B /* ViewController4.swift */ = {isa = PBXFileReference; lastKnownFileType = sourcecode.swift; path = ViewController4.swift; sourceTree = "<group>"; };
		BDF623322899A14B00482B6B /* Final Project.app */ = {isa = PBXFileReference; explicitFileType = wrapper.application; includeInIndex = 0; path = "Final Project.app"; sourceTree = BUILT_PRODUCTS_DIR; };
		BDF623352899A14B00482B6B /* AppDelegate.swift */ = {isa = PBXFileReference; lastKnownFileType = sourcecode.swift; path = AppDelegate.swift; sourceTree = "<group>"; };
		BDF623372899A14B00482B6B /* SceneDelegate.swift */ = {isa = PBXFileReference; lastKnownFileType = sourcecode.swift; path = SceneDelegate.swift; sourceTree = "<group>"; };
		BDF623392899A14B00482B6B /* ViewController.swift */ = {isa = PBXFileReference; lastKnownFileType = sourcecode.swift; path = ViewController.swift; sourceTree = "<group>"; };
		BDF6233C2899A14B00482B6B /* Base */ = {isa = PBXFileReference; lastKnownFileType = file.storyboard; name = Base; path = Base.lproj/Main.storyboard; sourceTree = "<group>"; };
		BDF6233F2899A14B00482B6B /* Final_Project.xcdatamodel */ = {isa = PBXFileReference; lastKnownFileType = wrapper.xcdatamodel; path = Final_Project.xcdatamodel; sourceTree = "<group>"; };
		BDF623412899A14C00482B6B /* Assets.xcassets */ = {isa = PBXFileReference; lastKnownFileType = folder.assetcatalog; path = Assets.xcassets; sourceTree = "<group>"; };
		BDF623442899A14C00482B6B /* Base */ = {isa = PBXFileReference; lastKnownFileType = file.storyboard; name = Base; path = Base.lproj/LaunchScreen.storyboard; sourceTree = "<group>"; };
		BDF623462899A14C00482B6B /* Info.plist */ = {isa = PBXFileReference; lastKnownFileType = text.plist.xml; path = Info.plist; sourceTree = "<group>"; };
		BDF6234B2899A14D00482B6B /* Final ProjectTests.xctest */ = {isa = PBXFileReference; explicitFileType = wrapper.cfbundle; includeInIndex = 0; path = "Final ProjectTests.xctest"; sourceTree = BUILT_PRODUCTS_DIR; };
		BDF6234F2899A14D00482B6B /* Final_ProjectTests.swift */ = {isa = PBXFileReference; lastKnownFileType = sourcecode.swift; path = Final_ProjectTests.swift; sourceTree = "<group>"; };
		BDF623552899A14D00482B6B /* Final ProjectUITests.xctest */ = {isa = PBXFileReference; explicitFileType = wrapper.cfbundle; includeInIndex = 0; path = "Final ProjectUITests.xctest"; sourceTree = BUILT_PRODUCTS_DIR; };
		BDF623592899A14D00482B6B /* Final_ProjectUITests.swift */ = {isa = PBXFileReference; lastKnownFileType = sourcecode.swift; path = Final_ProjectUITests.swift; sourceTree = "<group>"; };
		BDF6235B2899A14D00482B6B /* Final_ProjectUITestsLaunchTests.swift */ = {isa = PBXFileReference; lastKnownFileType = sourcecode.swift; path = Final_ProjectUITestsLaunchTests.swift; sourceTree = "<group>"; };
		BDF62368289ACA5700482B6B /* ViewControllerTwo.swift */ = {isa = PBXFileReference; lastKnownFileType = sourcecode.swift; path = ViewControllerTwo.swift; sourceTree = "<group>"; };
		BDF6236A289ACA6A00482B6B /* ViewControllerThree.swift */ = {isa = PBXFileReference; lastKnownFileType = sourcecode.swift; path = ViewControllerThree.swift; sourceTree = "<group>"; };
/* End PBXFileReference section */

/* Begin PBXFrameworksBuildPhase section */
		BDF6232F2899A14B00482B6B /* Frameworks */ = {
			isa = PBXFrameworksBuildPhase;
			buildActionMask = 2147483647;
			files = (
			);
			runOnlyForDeploymentPostprocessing = 0;
		};
		BDF623482899A14D00482B6B /* Frameworks */ = {
			isa = PBXFrameworksBuildPhase;
			buildActionMask = 2147483647;
			files = (
			);
			runOnlyForDeploymentPostprocessing = 0;
		};
		BDF623522899A14D00482B6B /* Frameworks */ = {
			isa = PBXFrameworksBuildPhase;
			buildActionMask = 2147483647;
			files = (
			);
			runOnlyForDeploymentPostprocessing = 0;
		};
/* End PBXFrameworksBuildPhase section */

/* Begin PBXGroup section */
		BDF623292899A14B00482B6B = {
			isa = PBXGroup;
			children = (
				BDF623342899A14B00482B6B /* Final Project */,
				BDF6234E2899A14D00482B6B /* Final ProjectTests */,
				BDF623582899A14D00482B6B /* Final ProjectUITests */,
				BDF623332899A14B00482B6B /* Products */,
			);
			sourceTree = "<group>";
		};
		BDF623332899A14B00482B6B /* Products */ = {
			isa = PBXGroup;
			children = (
				BDF623322899A14B00482B6B /* Final Project.app */,
				BDF6234B2899A14D00482B6B /* Final ProjectTests.xctest */,
				BDF623552899A14D00482B6B /* Final ProjectUITests.xctest */,
			);
			name = Products;
			sourceTree = "<group>";
		};
		BDF623342899A14B00482B6B /* Final Project */ = {
			isa = PBXGroup;
			children = (
				BDF623352899A14B00482B6B /* AppDelegate.swift */,
				BDF623372899A14B00482B6B /* SceneDelegate.swift */,
				BDF623392899A14B00482B6B /* ViewController.swift */,
				BDF6233B2899A14B00482B6B /* Main.storyboard */,
				8B606A7D289AEA4A00B00B5B /* ViewController4.swift */,
				BDF62368289ACA5700482B6B /* ViewControllerTwo.swift */,
				BDF6236A289ACA6A00482B6B /* ViewControllerThree.swift */,
				BDF623412899A14C00482B6B /* Assets.xcassets */,
				BDF623432899A14C00482B6B /* LaunchScreen.storyboard */,
				BDF623462899A14C00482B6B /* Info.plist */,
				BDF6233E2899A14B00482B6B /* Final_Project.xcdatamodeld */,
			);
			path = "Final Project";
			sourceTree = "<group>";
		};
		BDF6234E2899A14D00482B6B /* Final ProjectTests */ = {
			isa = PBXGroup;
			children = (
				BDF6234F2899A14D00482B6B /* Final_ProjectTests.swift */,
			);
			path = "Final ProjectTests";
			sourceTree = "<group>";
		};
		BDF623582899A14D00482B6B /* Final ProjectUITests */ = {
			isa = PBXGroup;
			children = (
				BDF623592899A14D00482B6B /* Final_ProjectUITests.swift */,
				BDF6235B2899A14D00482B6B /* Final_ProjectUITestsLaunchTests.swift */,
			);
			path = "Final ProjectUITests";
			sourceTree = "<group>";
		};
/* End PBXGroup section */

/* Begin PBXNativeTarget section */
		BDF623312899A14B00482B6B /* Final Project */ = {
			isa = PBXNativeTarget;
			buildConfigurationList = BDF6235F2899A14D00482B6B /* Build configuration list for PBXNativeTarget "Final Project" */;
			buildPhases = (
				BDF6232E2899A14B00482B6B /* Sources */,
				BDF6232F2899A14B00482B6B /* Frameworks */,
				BDF623302899A14B00482B6B /* Resources */,
			);
			buildRules = (
			);
			dependencies = (
			);
			name = "Final Project";
			productName = "Final Project";
			productReference = BDF623322899A14B00482B6B /* Final Project.app */;
			productType = "com.apple.product-type.application";
		};
		BDF6234A2899A14D00482B6B /* Final ProjectTests */ = {
			isa = PBXNativeTarget;
			buildConfigurationList = BDF623622899A14D00482B6B /* Build configuration list for PBXNativeTarget "Final ProjectTests" */;
			buildPhases = (
				BDF623472899A14D00482B6B /* Sources */,
				BDF623482899A14D00482B6B /* Frameworks */,
				BDF623492899A14D00482B6B /* Resources */,
			);
			buildRules = (
			);
			dependencies = (
				BDF6234D2899A14D00482B6B /* PBXTargetDependency */,
			);
			name = "Final ProjectTests";
			productName = "Final ProjectTests";
			productReference = BDF6234B2899A14D00482B6B /* Final ProjectTests.xctest */;
			productType = "com.apple.product-type.bundle.unit-test";
		};
		BDF623542899A14D00482B6B /* Final ProjectUITests */ = {
			isa = PBXNativeTarget;
			buildConfigurationList = BDF623652899A14D00482B6B /* Build configuration list for PBXNativeTarget "Final ProjectUITests" */;
			buildPhases = (
				BDF623512899A14D00482B6B /* Sources */,
				BDF623522899A14D00482B6B /* Frameworks */,
				BDF623532899A14D00482B6B /* Resources */,
			);
			buildRules = (
			);
			dependencies = (
				BDF623572899A14D00482B6B /* PBXTargetDependency */,
			);
			name = "Final ProjectUITests";
			productName = "Final ProjectUITests";
			productReference = BDF623552899A14D00482B6B /* Final ProjectUITests.xctest */;
			productType = "com.apple.product-type.bundle.ui-testing";
		};
/* End PBXNativeTarget section */

/* Begin PBXProject section */
		BDF6232A2899A14B00482B6B /* Project object */ = {
			isa = PBXProject;
			attributes = {
				BuildIndependentTargetsInParallel = 1;
				LastSwiftUpdateCheck = 1340;
				LastUpgradeCheck = 1340;
				TargetAttributes = {
					BDF623312899A14B00482B6B = {
						CreatedOnToolsVersion = 13.4.1;
					};
					BDF6234A2899A14D00482B6B = {
						CreatedOnToolsVersion = 13.4.1;
						TestTargetID = BDF623312899A14B00482B6B;
					};
					BDF623542899A14D00482B6B = {
						CreatedOnToolsVersion = 13.4.1;
						TestTargetID = BDF623312899A14B00482B6B;
					};
				};
			};
			buildConfigurationList = BDF6232D2899A14B00482B6B /* Build configuration list for PBXProject "Final Project" */;
			compatibilityVersion = "Xcode 13.0";
			developmentRegion = en;
			hasScannedForEncodings = 0;
			knownRegions = (
				en,
				Base,
			);
			mainGroup = BDF623292899A14B00482B6B;
			productRefGroup = BDF623332899A14B00482B6B /* Products */;
			projectDirPath = "";
			projectRoot = "";
			targets = (
				BDF623312899A14B00482B6B /* Final Project */,
				BDF6234A2899A14D00482B6B /* Final ProjectTests */,
				BDF623542899A14D00482B6B /* Final ProjectUITests */,
			);
		};
/* End PBXProject section */

/* Begin PBXResourcesBuildPhase section */
		BDF623302899A14B00482B6B /* Resources */ = {
			isa = PBXResourcesBuildPhase;
			buildActionMask = 2147483647;
			files = (
				BDF623452899A14C00482B6B /* LaunchScreen.storyboard in Resources */,
				BDF623422899A14C00482B6B /* Assets.xcassets in Resources */,
				BDF6233D2899A14B00482B6B /* Main.storyboard in Resources */,
			);
			runOnlyForDeploymentPostprocessing = 0;
		};
		BDF623492899A14D00482B6B /* Resources */ = {
			isa = PBXResourcesBuildPhase;
			buildActionMask = 2147483647;
			files = (
			);
			runOnlyForDeploymentPostprocessing = 0;
		};
		BDF623532899A14D00482B6B /* Resources */ = {
			isa = PBXResourcesBuildPhase;
			buildActionMask = 2147483647;
			files = (
			);
			runOnlyForDeploymentPostprocessing = 0;
		};
/* End PBXResourcesBuildPhase section */

/* Begin PBXSourcesBuildPhase section */
		BDF6232E2899A14B00482B6B /* Sources */ = {
			isa = PBXSourcesBuildPhase;
			buildActionMask = 2147483647;
			files = (
				BDF62369289ACA5700482B6B /* ViewControllerTwo.swift in Sources */,
				8B606A7E289AEA4A00B00B5B /* ViewController4.swift in Sources */,
				BDF6236B289ACA6A00482B6B /* ViewControllerThree.swift in Sources */,
				BDF6233A2899A14B00482B6B /* ViewController.swift in Sources */,
				BDF623362899A14B00482B6B /* AppDelegate.swift in Sources */,
				BDF623402899A14B00482B6B /* Final_Project.xcdatamodeld in Sources */,
				BDF623382899A14B00482B6B /* SceneDelegate.swift in Sources */,
			);
			runOnlyForDeploymentPostprocessing = 0;
		};
		BDF623472899A14D00482B6B /* Sources */ = {
			isa = PBXSourcesBuildPhase;
			buildActionMask = 2147483647;
			files = (
				BDF623502899A14D00482B6B /* Final_ProjectTests.swift in Sources */,
			);
			runOnlyForDeploymentPostprocessing = 0;
		};
		BDF623512899A14D00482B6B /* Sources */ = {
			isa = PBXSourcesBuildPhase;
			buildActionMask = 2147483647;
			files = (
				BDF6235A2899A14D00482B6B /* Final_ProjectUITests.swift in Sources */,
				BDF6235C2899A14D00482B6B /* Final_ProjectUITestsLaunchTests.swift in Sources */,
			);
			runOnlyForDeploymentPostprocessing = 0;
		};
/* End PBXSourcesBuildPhase section */

/* Begin PBXTargetDependency section */
		BDF6234D2899A14D00482B6B /* PBXTargetDependency */ = {
			isa = PBXTargetDependency;
			target = BDF623312899A14B00482B6B /* Final Project */;
			targetProxy = BDF6234C2899A14D00482B6B /* PBXContainerItemProxy */;
		};
		BDF623572899A14D00482B6B /* PBXTargetDependency */ = {
			isa = PBXTargetDependency;
			target = BDF623312899A14B00482B6B /* Final Project */;
			targetProxy = BDF623562899A14D00482B6B /* PBXContainerItemProxy */;
		};
/* End PBXTargetDependency section */

/* Begin PBXVariantGroup section */
		BDF6233B2899A14B00482B6B /* Main.storyboard */ = {
			isa = PBXVariantGroup;
			children = (
				BDF6233C2899A14B00482B6B /* Base */,
			);
			name = Main.storyboard;
			sourceTree = "<group>";
		};
		BDF623432899A14C00482B6B /* LaunchScreen.storyboard */ = {
			isa = PBXVariantGroup;
			children = (
				BDF623442899A14C00482B6B /* Base */,
			);
			name = LaunchScreen.storyboard;
			sourceTree = "<group>";
		};
/* End PBXVariantGroup section */

/* Begin XCBuildConfiguration section */
		BDF6235D2899A14D00482B6B /* Debug */ = {
			isa = XCBuildConfiguration;
			buildSettings = {
				ALWAYS_SEARCH_USER_PATHS = NO;
				CLANG_ANALYZER_NONNULL = YES;
				CLANG_ANALYZER_NUMBER_OBJECT_CONVERSION = YES_AGGRESSIVE;
				CLANG_CXX_LANGUAGE_STANDARD = "gnu++17";
				CLANG_ENABLE_MODULES = YES;
				CLANG_ENABLE_OBJC_ARC = YES;
				CLANG_ENABLE_OBJC_WEAK = YES;
				CLANG_WARN_BLOCK_CAPTURE_AUTORELEASING = YES;
				CLANG_WARN_BOOL_CONVERSION = YES;
				CLANG_WARN_COMMA = YES;
				CLANG_WARN_CONSTANT_CONVERSION = YES;
				CLANG_WARN_DEPRECATED_OBJC_IMPLEMENTATIONS = YES;
				CLANG_WARN_DIRECT_OBJC_ISA_USAGE = YES_ERROR;
				CLANG_WARN_DOCUMENTATION_COMMENTS = YES;
				CLANG_WARN_EMPTY_BODY = YES;
				CLANG_WARN_ENUM_CONVERSION = YES;
				CLANG_WARN_INFINITE_RECURSION = YES;
				CLANG_WARN_INT_CONVERSION = YES;
				CLANG_WARN_NON_LITERAL_NULL_CONVERSION = YES;
				CLANG_WARN_OBJC_IMPLICIT_RETAIN_SELF = YES;
				CLANG_WARN_OBJC_LITERAL_CONVERSION = YES;
				CLANG_WARN_OBJC_ROOT_CLASS = YES_ERROR;
				CLANG_WARN_QUOTED_INCLUDE_IN_FRAMEWORK_HEADER = YES;
				CLANG_WARN_RANGE_LOOP_ANALYSIS = YES;
				CLANG_WARN_STRICT_PROTOTYPES = YES;
				CLANG_WARN_SUSPICIOUS_MOVE = YES;
				CLANG_WARN_UNGUARDED_AVAILABILITY = YES_AGGRESSIVE;
				CLANG_WARN_UNREACHABLE_CODE = YES;
				CLANG_WARN__DUPLICATE_METHOD_MATCH = YES;
				COPY_PHASE_STRIP = NO;
				DEBUG_INFORMATION_FORMAT = dwarf;
				ENABLE_STRICT_OBJC_MSGSEND = YES;
				ENABLE_TESTABILITY = YES;
				GCC_C_LANGUAGE_STANDARD = gnu11;
				GCC_DYNAMIC_NO_PIC = NO;
				GCC_NO_COMMON_BLOCKS = YES;
				GCC_OPTIMIZATION_LEVEL = 0;
				GCC_PREPROCESSOR_DEFINITIONS = (
					"DEBUG=1",
					"$(inherited)",
				);
				GCC_WARN_64_TO_32_BIT_CONVERSION = YES;
				GCC_WARN_ABOUT_RETURN_TYPE = YES_ERROR;
				GCC_WARN_UNDECLARED_SELECTOR = YES;
				GCC_WARN_UNINITIALIZED_AUTOS = YES_AGGRESSIVE;
				GCC_WARN_UNUSED_FUNCTION = YES;
				GCC_WARN_UNUSED_VARIABLE = YES;
				IPHONEOS_DEPLOYMENT_TARGET = 15.5;
				MTL_ENABLE_DEBUG_INFO = INCLUDE_SOURCE;
				MTL_FAST_MATH = YES;
				ONLY_ACTIVE_ARCH = YES;
				SDKROOT = iphoneos;
				SWIFT_ACTIVE_COMPILATION_CONDITIONS = DEBUG;
				SWIFT_OPTIMIZATION_LEVEL = "-Onone";
			};
			name = Debug;
		};
		BDF6235E2899A14D00482B6B /* Release */ = {
			isa = XCBuildConfiguration;
			buildSettings = {
				ALWAYS_SEARCH_USER_PATHS = NO;
				CLANG_ANALYZER_NONNULL = YES;
				CLANG_ANALYZER_NUMBER_OBJECT_CONVERSION = YES_AGGRESSIVE;
				CLANG_CXX_LANGUAGE_STANDARD = "gnu++17";
				CLANG_ENABLE_MODULES = YES;
				CLANG_ENABLE_OBJC_ARC = YES;
				CLANG_ENABLE_OBJC_WEAK = YES;
				CLANG_WARN_BLOCK_CAPTURE_AUTORELEASING = YES;
				CLANG_WARN_BOOL_CONVERSION = YES;
				CLANG_WARN_COMMA = YES;
				CLANG_WARN_CONSTANT_CONVERSION = YES;
				CLANG_WARN_DEPRECATED_OBJC_IMPLEMENTATIONS = YES;
				CLANG_WARN_DIRECT_OBJC_ISA_USAGE = YES_ERROR;
				CLANG_WARN_DOCUMENTATION_COMMENTS = YES;
				CLANG_WARN_EMPTY_BODY = YES;
				CLANG_WARN_ENUM_CONVERSION = YES;
				CLANG_WARN_INFINITE_RECURSION = YES;
				CLANG_WARN_INT_CONVERSION = YES;
				CLANG_WARN_NON_LITERAL_NULL_CONVERSION = YES;
				CLANG_WARN_OBJC_IMPLICIT_RETAIN_SELF = YES;
				CLANG_WARN_OBJC_LITERAL_CONVERSION = YES;
				CLANG_WARN_OBJC_ROOT_CLASS = YES_ERROR;
				CLANG_WARN_QUOTED_INCLUDE_IN_FRAMEWORK_HEADER = YES;
				CLANG_WARN_RANGE_LOOP_ANALYSIS = YES;
				CLANG_WARN_STRICT_PROTOTYPES = YES;
				CLANG_WARN_SUSPICIOUS_MOVE = YES;
				CLANG_WARN_UNGUARDED_AVAILABILITY = YES_AGGRESSIVE;
				CLANG_WARN_UNREACHABLE_CODE = YES;
				CLANG_WARN__DUPLICATE_METHOD_MATCH = YES;
				COPY_PHASE_STRIP = NO;
				DEBUG_INFORMATION_FORMAT = "dwarf-with-dsym";
				ENABLE_NS_ASSERTIONS = NO;
				ENABLE_STRICT_OBJC_MSGSEND = YES;
				GCC_C_LANGUAGE_STANDARD = gnu11;
				GCC_NO_COMMON_BLOCKS = YES;
				GCC_WARN_64_TO_32_BIT_CONVERSION = YES;
				GCC_WARN_ABOUT_RETURN_TYPE = YES_ERROR;
				GCC_WARN_UNDECLARED_SELECTOR = YES;
				GCC_WARN_UNINITIALIZED_AUTOS = YES_AGGRESSIVE;
				GCC_WARN_UNUSED_FUNCTION = YES;
				GCC_WARN_UNUSED_VARIABLE = YES;
				IPHONEOS_DEPLOYMENT_TARGET = 15.5;
				MTL_ENABLE_DEBUG_INFO = NO;
				MTL_FAST_MATH = YES;
				SDKROOT = iphoneos;
				SWIFT_COMPILATION_MODE = wholemodule;
				SWIFT_OPTIMIZATION_LEVEL = "-O";
				VALIDATE_PRODUCT = YES;
			};
			name = Release;
		};
		BDF623602899A14D00482B6B /* Debug */ = {
			isa = XCBuildConfiguration;
			buildSettings = {
				ASSETCATALOG_COMPILER_APPICON_NAME = AppIcon;
				ASSETCATALOG_COMPILER_GLOBAL_ACCENT_COLOR_NAME = AccentColor;
				CODE_SIGN_STYLE = Automatic;
				CURRENT_PROJECT_VERSION = 1;
				GENERATE_INFOPLIST_FILE = YES;
				INFOPLIST_FILE = "Final Project/Info.plist";
				INFOPLIST_KEY_UIApplicationSupportsIndirectInputEvents = YES;
				INFOPLIST_KEY_UILaunchStoryboardName = LaunchScreen;
				INFOPLIST_KEY_UIMainStoryboardFile = Main;
				INFOPLIST_KEY_UISupportedInterfaceOrientations_iPad = "UIInterfaceOrientationPortrait UIInterfaceOrientationPortraitUpsideDown UIInterfaceOrientationLandscapeLeft UIInterfaceOrientationLandscapeRight";
				INFOPLIST_KEY_UISupportedInterfaceOrientations_iPhone = "UIInterfaceOrientationPortrait UIInterfaceOrientationLandscapeLeft UIInterfaceOrientationLandscapeRight";
				LD_RUNPATH_SEARCH_PATHS = (
					"$(inherited)",
					"@executable_path/Frameworks",
				);
				MARKETING_VERSION = 1.0;
				PRODUCT_BUNDLE_IDENTIFIER = "lyoust.Final-Project";
				PRODUCT_NAME = "$(TARGET_NAME)";
				SWIFT_EMIT_LOC_STRINGS = YES;
				SWIFT_VERSION = 5.0;
				TARGETED_DEVICE_FAMILY = "1,2";
			};
			name = Debug;
		};
		BDF623612899A14D00482B6B /* Release */ = {
			isa = XCBuildConfiguration;
			buildSettings = {
				ASSETCATALOG_COMPILER_APPICON_NAME = AppIcon;
				ASSETCATALOG_COMPILER_GLOBAL_ACCENT_COLOR_NAME = AccentColor;
				CODE_SIGN_STYLE = Automatic;
				CURRENT_PROJECT_VERSION = 1;
				GENERATE_INFOPLIST_FILE = YES;
				INFOPLIST_FILE = "Final Project/Info.plist";
				INFOPLIST_KEY_UIApplicationSupportsIndirectInputEvents = YES;
				INFOPLIST_KEY_UILaunchStoryboardName = LaunchScreen;
				INFOPLIST_KEY_UIMainStoryboardFile = Main;
				INFOPLIST_KEY_UISupportedInterfaceOrientations_iPad = "UIInterfaceOrientationPortrait UIInterfaceOrientationPortraitUpsideDown UIInterfaceOrientationLandscapeLeft UIInterfaceOrientationLandscapeRight";
				INFOPLIST_KEY_UISupportedInterfaceOrientations_iPhone = "UIInterfaceOrientationPortrait UIInterfaceOrientationLandscapeLeft UIInterfaceOrientationLandscapeRight";
				LD_RUNPATH_SEARCH_PATHS = (
					"$(inherited)",
					"@executable_path/Frameworks",
				);
				MARKETING_VERSION = 1.0;
				PRODUCT_BUNDLE_IDENTIFIER = "lyoust.Final-Project";
				PRODUCT_NAME = "$(TARGET_NAME)";
				SWIFT_EMIT_LOC_STRINGS = YES;
				SWIFT_VERSION = 5.0;
				TARGETED_DEVICE_FAMILY = "1,2";
			};
			name = Release;
		};
		BDF623632899A14D00482B6B /* Debug */ = {
			isa = XCBuildConfiguration;
			buildSettings = {
				ALWAYS_EMBED_SWIFT_STANDARD_LIBRARIES = YES;
				BUNDLE_LOADER = "$(TEST_HOST)";
				CODE_SIGN_STYLE = Automatic;
				CURRENT_PROJECT_VERSION = 1;
				GENERATE_INFOPLIST_FILE = YES;
				IPHONEOS_DEPLOYMENT_TARGET = 15.5;
				MARKETING_VERSION = 1.0;
				PRODUCT_BUNDLE_IDENTIFIER = "lyoust.Final-ProjectTests";
				PRODUCT_NAME = "$(TARGET_NAME)";
				SWIFT_EMIT_LOC_STRINGS = NO;
				SWIFT_VERSION = 5.0;
				TARGETED_DEVICE_FAMILY = "1,2";
				TEST_HOST = "$(BUILT_PRODUCTS_DIR)/Final Project.app/Final Project";
			};
			name = Debug;
		};
		BDF623642899A14D00482B6B /* Release */ = {
			isa = XCBuildConfiguration;
			buildSettings = {
				ALWAYS_EMBED_SWIFT_STANDARD_LIBRARIES = YES;
				BUNDLE_LOADER = "$(TEST_HOST)";
				CODE_SIGN_STYLE = Automatic;
				CURRENT_PROJECT_VERSION = 1;
				GENERATE_INFOPLIST_FILE = YES;
				IPHONEOS_DEPLOYMENT_TARGET = 15.5;
				MARKETING_VERSION = 1.0;
				PRODUCT_BUNDLE_IDENTIFIER = "lyoust.Final-ProjectTests";
				PRODUCT_NAME = "$(TARGET_NAME)";
				SWIFT_EMIT_LOC_STRINGS = NO;
				SWIFT_VERSION = 5.0;
				TARGETED_DEVICE_FAMILY = "1,2";
				TEST_HOST = "$(BUILT_PRODUCTS_DIR)/Final Project.app/Final Project";
			};
			name = Release;
		};
		BDF623662899A14D00482B6B /* Debug */ = {
			isa = XCBuildConfiguration;
			buildSettings = {
				ALWAYS_EMBED_SWIFT_STANDARD_LIBRARIES = YES;
				CODE_SIGN_STYLE = Automatic;
				CURRENT_PROJECT_VERSION = 1;
				GENERATE_INFOPLIST_FILE = YES;
				MARKETING_VERSION = 1.0;
				PRODUCT_BUNDLE_IDENTIFIER = "lyoust.Final-ProjectUITests";
				PRODUCT_NAME = "$(TARGET_NAME)";
				SWIFT_EMIT_LOC_STRINGS = NO;
				SWIFT_VERSION = 5.0;
				TARGETED_DEVICE_FAMILY = "1,2";
				TEST_TARGET_NAME = "Final Project";
			};
			name = Debug;
		};
		BDF623672899A14D00482B6B /* Release */ = {
			isa = XCBuildConfiguration;
			buildSettings = {
				ALWAYS_EMBED_SWIFT_STANDARD_LIBRARIES = YES;
				CODE_SIGN_STYLE = Automatic;
				CURRENT_PROJECT_VERSION = 1;
				GENERATE_INFOPLIST_FILE = YES;
				MARKETING_VERSION = 1.0;
				PRODUCT_BUNDLE_IDENTIFIER = "lyoust.Final-ProjectUITests";
				PRODUCT_NAME = "$(TARGET_NAME)";
				SWIFT_EMIT_LOC_STRINGS = NO;
				SWIFT_VERSION = 5.0;
				TARGETED_DEVICE_FAMILY = "1,2";
				TEST_TARGET_NAME = "Final Project";
			};
			name = Release;
		};
/* End XCBuildConfiguration section */

/* Begin XCConfigurationList section */
		BDF6232D2899A14B00482B6B /* Build configuration list for PBXProject "Final Project" */ = {
			isa = XCConfigurationList;
			buildConfigurations = (
				BDF6235D2899A14D00482B6B /* Debug */,
				BDF6235E2899A14D00482B6B /* Release */,
			);
			defaultConfigurationIsVisible = 0;
			defaultConfigurationName = Release;
		};
		BDF6235F2899A14D00482B6B /* Build configuration list for PBXNativeTarget "Final Project" */ = {
			isa = XCConfigurationList;
			buildConfigurations = (
				BDF623602899A14D00482B6B /* Debug */,
				BDF623612899A14D00482B6B /* Release */,
			);
			defaultConfigurationIsVisible = 0;
			defaultConfigurationName = Release;
		};
		BDF623622899A14D00482B6B /* Build configuration list for PBXNativeTarget "Final ProjectTests" */ = {
			isa = XCConfigurationList;
			buildConfigurations = (
				BDF623632899A14D00482B6B /* Debug */,
				BDF623642899A14D00482B6B /* Release */,
			);
			defaultConfigurationIsVisible = 0;
			defaultConfigurationName = Release;
		};
		BDF623652899A14D00482B6B /* Build configuration list for PBXNativeTarget "Final ProjectUITests" */ = {
			isa = XCConfigurationList;
			buildConfigurations = (
				BDF623662899A14D00482B6B /* Debug */,
				BDF623672899A14D00482B6B /* Release */,
			);
			defaultConfigurationIsVisible = 0;
			defaultConfigurationName = Release;
		};
/* End XCConfigurationList section */

/* Begin XCVersionGroup section */
		BDF6233E2899A14B00482B6B /* Final_Project.xcdatamodeld */ = {
			isa = XCVersionGroup;
			children = (
				BDF6233F2899A14B00482B6B /* Final_Project.xcdatamodel */,
			);
			currentVersion = BDF6233F2899A14B00482B6B /* Final_Project.xcdatamodel */;
			path = Final_Project.xcdatamodeld;
			sourceTree = "<group>";
			versionGroupType = wrapper.xcdatamodel;
		};
/* End XCVersionGroup section */
	};
	rootObject = BDF6232A2899A14B00482B6B /* Project object */;
}
